
Microsoft Visual Studio Solution File, Format Version 12.00
# Visual Studio Version 17
VisualStudioVersion = 17.2.32630.192
MinimumVisualStudioVersion = 10.0.40219.1
Project("{9A19103F-16F7-4668-BE54-9A1E7A4F7556}") = "R5T.L0091.Construction", "R5T.L0091.Construction\R5T.L0091.Construction.csproj", "{9FE6C2D3-16AF-4897-BB0B-C364FA4C9253}"
EndProject
Project("{9A19103F-16F7-4668-BE54-9A1E7A4F7556}") = "R5T.L0091", "R5T.L0091\R5T.L0091.csproj", "{14051178-44DF-4A43-BD65-0C1CEACBADE8}"
EndProject
Project("{9A19103F-16F7-4668-BE54-9A1E7A4F7556}") = "R5T.L0091.T000", "R5T.L0091.T000/R5T.L0091.T000.csproj", "{45EA74FE-403E-4EC7-9033-5F27B561581D}"
EndProject
Project("{2150E333-8FDC-42A3-9474-1A3956D46DE8}") = "_Dependencies", "_Dependencies", "{5078D3EB-66E6-416B-915E-845C7A1E02F6}"
EndProject
Project("{9A19103F-16F7-4668-BE54-9A1E7A4F7556}") = "R5T.F0000", "../../R5T.F0000/source/R5T.F0000/R5T.F0000.csproj", "{8F6E00AD-836C-4D83-BCE9-6BEF654EBF95}"
EndProject
Project("{9A19103F-16F7-4668-BE54-9A1E7A4F7556}") = "R5T.F0002", "../../R5T.F0002/source/R5T.F0002/R5T.F0002.csproj", "{043A2D09-DE90-4F0F-A16C-28222A80636E}"
EndProject
Project("{9A19103F-16F7-4668-BE54-9A1E7A4F7556}") = "R5T.F0059", "../../R5T.F0059/source/R5T.F0059/R5T.F0059.csproj", "{E2F26B2C-8614-4155-859E-13FC66D5667B}"
EndProject
Project("{9A19103F-16F7-4668-BE54-9A1E7A4F7556}") = "R5T.F0120", "../../R5T.F0120/source/R5T.F0120/R5T.F0120.csproj", "{253040A2-A07F-4836-9C4B-6EEB788ABCC9}"
EndProject
Project("{9A19103F-16F7-4668-BE54-9A1E7A4F7556}") = "R5T.F0124", "../../R5T.F0124/source/R5T.F0124/R5T.F0124.csproj", "{57C4BE06-4339-46A6-8598-4AE7E25DD26A}"
EndProject
Project("{9A19103F-16F7-4668-BE54-9A1E7A4F7556}") = "R5T.F0125", "../../R5T.F0125/source/R5T.F0125/R5T.F0125.csproj", "{4D9316BC-3B67-4539-804B-40EAD8F9BA2E}"
EndProject
Project("{9A19103F-16F7-4668-BE54-9A1E7A4F7556}") = "R5T.L0030.T000", "../../R5T.L0030/source/R5T.L0030.T000/R5T.L0030.T000.csproj", "{F225FC3F-FEDD-43DC-9039-203118930EC9}"
EndProject
Project("{9A19103F-16F7-4668-BE54-9A1E7A4F7556}") = "R5T.L0030", "../../R5T.L0030/source/R5T.L0030/R5T.L0030.csproj", "{3C91F1B0-0B0A-4ADF-96DB-3CA59472CDD7}"
EndProject
Project("{9A19103F-16F7-4668-BE54-9A1E7A4F7556}") = "R5T.L0034", "../../R5T.L0034/source/R5T.L0034/R5T.L0034.csproj", "{F3010E23-0437-4BEE-9497-16C7D5961CE1}"
EndProject
Project("{9A19103F-16F7-4668-BE54-9A1E7A4F7556}") = "R5T.L0035", "../../R5T.L0035/source/R5T.L0035/R5T.L0035.csproj", "{03F64A2B-ECF9-42CB-A225-85FAE4CAE174}"
EndProject
Project("{9A19103F-16F7-4668-BE54-9A1E7A4F7556}") = "R5T.L0053", "../../R5T.L0053/source/R5T.L0053/R5T.L0053.csproj", "{C6D9FC2B-9D26-448B-9DEC-43BF0D22E967}"
EndProject
Project("{9A19103F-16F7-4668-BE54-9A1E7A4F7556}") = "R5T.L0056", "../../R5T.L0056/source/R5T.L0056/R5T.L0056.csproj", "{C7DD4FEE-A135-4456-8020-EC6AEFADD91B}"
EndProject
Project("{9A19103F-16F7-4668-BE54-9A1E7A4F7556}") = "R5T.L0066", "../../R5T.L0066/source/R5T.L0066/R5T.L0066.csproj", "{F21F626D-251B-4AF9-A00A-6AE66C754F39}"
EndProject
Project("{9A19103F-16F7-4668-BE54-9A1E7A4F7556}") = "R5T.L0071", "../../R5T.L0071/source/R5T.L0071/R5T.L0071.csproj", "{4E2A0384-07EB-462B-96DF-693051DA4230}"
EndProject
Project("{9A19103F-16F7-4668-BE54-9A1E7A4F7556}") = "R5T.L0074", "../../R5T.L0074/source/R5T.L0074/R5T.L0074.csproj", "{1DB32C7A-93EB-47F1-B333-7C96B33F76D3}"
EndProject
Project("{9A19103F-16F7-4668-BE54-9A1E7A4F7556}") = "R5T.L0089.F000", "../../R5T.L0089/source/R5T.L0089.F000/R5T.L0089.F000.csproj", "{5E7CEDED-7792-41AD-8DB1-9815A1E1CC5E}"
EndProject
Project("{9A19103F-16F7-4668-BE54-9A1E7A4F7556}") = "R5T.L0089.T000", "../../R5T.L0089/source/R5T.L0089.T000/R5T.L0089.T000.csproj", "{4FCC457D-6FF2-472B-85AF-755335117171}"
EndProject
Project("{9A19103F-16F7-4668-BE54-9A1E7A4F7556}") = "R5T.L0089", "../../R5T.L0089/source/R5T.L0089/R5T.L0089.csproj", "{4FD760E3-0024-47D8-A0E1-54DD715B943B}"
EndProject
Project("{9A19103F-16F7-4668-BE54-9A1E7A4F7556}") = "R5T.NG0006", "../../R5T.NG0006/source/R5T.NG0006/R5T.NG0006.csproj", "{49EAACB5-435A-4073-AFCF-487EA5720334}"
EndProject
Project("{9A19103F-16F7-4668-BE54-9A1E7A4F7556}") = "R5T.NG0022", "../../R5T.NG0022/source/R5T.NG0022/R5T.NG0022.csproj", "{456C731F-A4AE-433D-8170-165D6AF638A0}"
EndProject
Project("{9A19103F-16F7-4668-BE54-9A1E7A4F7556}") = "R5T.T0131", "../../R5T.T0131/source/R5T.T0131/R5T.T0131.csproj", "{9B1D292E-56DE-41B9-9AC2-D6F3A7457A0B}"
EndProject
Project("{9A19103F-16F7-4668-BE54-9A1E7A4F7556}") = "R5T.T0132", "../../R5T.T0132/source/R5T.T0132/R5T.T0132.csproj", "{F26DC1B8-0A69-40BD-847A-C77F3C7DA517}"
EndProject
Project("{9A19103F-16F7-4668-BE54-9A1E7A4F7556}") = "R5T.T0142", "../../R5T.T0142/source/R5T.T0142/R5T.T0142.csproj", "{4DBA355D-C5A5-4BB1-8A08-A37DE4FCB88F}"
EndProject
Project("{9A19103F-16F7-4668-BE54-9A1E7A4F7556}") = "R5T.T0143", "../../R5T.T0143/source/R5T.T0143/R5T.T0143.csproj", "{C5227ADD-6691-435C-A368-548643C4CF4F}"
EndProject
Project("{9A19103F-16F7-4668-BE54-9A1E7A4F7556}") = "R5T.T0150", "../../R5T.T0150/source/R5T.T0150/R5T.T0150.csproj", "{F000DF81-3F3B-43BE-8DC4-0A94B00C76EB}"
EndProject
Project("{9A19103F-16F7-4668-BE54-9A1E7A4F7556}") = "R5T.T0151", "../../R5T.T0151/source/R5T.T0151/R5T.T0151.csproj", "{2BDE873A-8359-41A5-9FF2-00452CF28054}"
EndProject
Project("{9A19103F-16F7-4668-BE54-9A1E7A4F7556}") = "R5T.T0156", "../../R5T.T0156/source/R5T.T0156/R5T.T0156.csproj", "{5122BB9B-15B5-4574-ADBE-E1AF3DF8A725}"
EndProject
Project("{9A19103F-16F7-4668-BE54-9A1E7A4F7556}") = "R5T.T0158", "../../R5T.T0158/source/R5T.T0158/R5T.T0158.csproj", "{8C7EEF56-BF73-4FA1-8963-BA7DCC9BC635}"
EndProject
Project("{9A19103F-16F7-4668-BE54-9A1E7A4F7556}") = "R5T.T0159", "../../R5T.T0159/source/R5T.T0159/R5T.T0159.csproj", "{4D945211-12B5-4500-B459-71E5E170FD2D}"
EndProject
Project("{9A19103F-16F7-4668-BE54-9A1E7A4F7556}") = "R5T.T0172", "../../R5T.T0172/source/R5T.T0172/R5T.T0172.csproj", "{B3E9325E-9510-40C5-A100-AD3FD2C16CCD}"
EndProject
Project("{9A19103F-16F7-4668-BE54-9A1E7A4F7556}") = "R5T.T0174", "../../R5T.T0174/source/R5T.T0174/R5T.T0174.csproj", "{C858CAAF-94EB-4ECC-927F-2FB461D140B8}"
EndProject
Project("{9A19103F-16F7-4668-BE54-9A1E7A4F7556}") = "R5T.T0176", "../../R5T.T0176/source/R5T.T0176/R5T.T0176.csproj", "{A129BDA9-C59C-40FE-BA3F-3042D5B33297}"
EndProject
Project("{9A19103F-16F7-4668-BE54-9A1E7A4F7556}") = "R5T.T0177", "../../R5T.T0177/source/R5T.T0177/R5T.T0177.csproj", "{DE589C37-4246-4058-8939-5FE163EB055B}"
EndProject
Project("{9A19103F-16F7-4668-BE54-9A1E7A4F7556}") = "R5T.T0178", "../../R5T.T0178/source/R5T.T0178/R5T.T0178.csproj", "{CFC9CC0A-585E-4A76-A009-8A9F9D372B82}"
EndProject
Project("{9A19103F-16F7-4668-BE54-9A1E7A4F7556}") = "R5T.T0179", "../../R5T.T0179/source/R5T.T0179/R5T.T0179.csproj", "{F666FD21-42C3-4A59-886B-2171B4F28787}"
EndProject
Project("{9A19103F-16F7-4668-BE54-9A1E7A4F7556}") = "R5T.T0180", "../../R5T.T0180/source/R5T.T0180/R5T.T0180.csproj", "{5B5CE297-1CC6-4759-9B8F-82B07DD8BC92}"
EndProject
Project("{9A19103F-16F7-4668-BE54-9A1E7A4F7556}") = "R5T.T0181", "../../R5T.T0181/source/R5T.T0181/R5T.T0181.csproj", "{BB7146F4-0059-41F3-9E7A-74A85585386B}"
EndProject
Project("{9A19103F-16F7-4668-BE54-9A1E7A4F7556}") = "R5T.T0185", "../../R5T.T0185/source/R5T.T0185/R5T.T0185.csproj", "{2CB002E7-DF25-4981-B25A-BE8EBE2A56C9}"
EndProject
Project("{9A19103F-16F7-4668-BE54-9A1E7A4F7556}") = "R5T.T0199.T000", "../../R5T.T0199/source/R5T.T0199.T000/R5T.T0199.T000.csproj", "{3903B93C-5F91-484C-A918-F512074ADFA7}"
EndProject
Project("{9A19103F-16F7-4668-BE54-9A1E7A4F7556}") = "R5T.T0199.T001", "../../R5T.T0199/source/R5T.T0199.T001/R5T.T0199.T001.csproj", "{54565F6C-FD8B-4EC0-9670-240A97631337}"
EndProject
Project("{9A19103F-16F7-4668-BE54-9A1E7A4F7556}") = "R5T.T0199", "../../R5T.T0199/source/R5T.T0199/R5T.T0199.csproj", "{5210F42D-8017-4224-ADC3-92B139ECFD74}"
EndProject
Project("{9A19103F-16F7-4668-BE54-9A1E7A4F7556}") = "R5T.T0203", "../../R5T.T0203/source/R5T.T0203/R5T.T0203.csproj", "{CC66B752-C425-4E1D-8D52-C5D462BB0B11}"
EndProject
Project("{9A19103F-16F7-4668-BE54-9A1E7A4F7556}") = "R5T.T0213", "../../R5T.T0213/source/R5T.T0213/R5T.T0213.csproj", "{DDCF91E5-5F17-4F3F-8413-26B4580EEE77}"
EndProject
Project("{9A19103F-16F7-4668-BE54-9A1E7A4F7556}") = "R5T.T0218", "../../R5T.T0218/source/R5T.T0218/R5T.T0218.csproj", "{29479A94-86C7-4052-BDBF-AFE3FEFBE406}"
EndProject
Project("{9A19103F-16F7-4668-BE54-9A1E7A4F7556}") = "R5T.T0219", "../../R5T.T0219/source/R5T.T0219/R5T.T0219.csproj", "{1A77F09B-162C-4CB7-BFEF-C5BC5FF3D269}"
EndProject
Project("{9A19103F-16F7-4668-BE54-9A1E7A4F7556}") = "R5T.T0220", "../../R5T.T0220/source/R5T.T0220/R5T.T0220.csproj", "{3F93AB7B-4733-4DAB-9245-6777A07D2728}"
EndProject
Project("{9A19103F-16F7-4668-BE54-9A1E7A4F7556}") = "R5T.T0221", "../../R5T.T0221/source/R5T.T0221/R5T.T0221.csproj", "{6AADC638-806E-4AC5-8E23-F6F132E878A8}"
EndProject
Project("{9A19103F-16F7-4668-BE54-9A1E7A4F7556}") = "R5T.T0227", "../../R5T.T0227/source/R5T.T0227/R5T.T0227.csproj", "{E22AE102-3A28-4C93-B9AF-2878EBF4EFDE}"
EndProject
Project("{9A19103F-16F7-4668-BE54-9A1E7A4F7556}") = "R5T.Y0000", "../../R5T.Y0000/source/R5T.Y0000/R5T.Y0000.csproj", "{3AB22190-F88A-44F6-9E76-A22C039A82DE}"
EndProject
Project("{9A19103F-16F7-4668-BE54-9A1E7A4F7556}") = "R5T.Y0006", "../../R5T.Y0006/source/R5T.Y0006/R5T.Y0006.csproj", "{26AAB63D-FAC4-470A-B45A-0C2E7E308B7B}"
EndProject
Project("{9A19103F-16F7-4668-BE54-9A1E7A4F7556}") = "R5T.Z0000", "../../R5T.Z0000/source/R5T.Z0000/R5T.Z0000.csproj", "{DBF928C1-EFCB-4BFD-8E2A-B4EABA6446C2}"
EndProject
Project("{9A19103F-16F7-4668-BE54-9A1E7A4F7556}") = "R5T.Z0010.Platform", "../../R5T.Z0010/source/R5T.Z0010.Platform/R5T.Z0010.Platform.csproj", "{192EA634-389C-4F03-BAB4-CB2D81EBE9CC}"
EndProject
Project("{9A19103F-16F7-4668-BE54-9A1E7A4F7556}") = "R5T.Z0010", "../../R5T.Z0010/source/R5T.Z0010/R5T.Z0010.csproj", "{0BC66C38-6E0E-4257-8ADE-0F1A73E4A4E7}"
EndProject
Project("{9A19103F-16F7-4668-BE54-9A1E7A4F7556}") = "R5T.Z0057.Platform", "../../R5T.Z0057/source/R5T.Z0057.Platform/R5T.Z0057.Platform.csproj", "{2F091393-093A-4207-9C4D-895DBBA0DB07}"
EndProject
Project("{9A19103F-16F7-4668-BE54-9A1E7A4F7556}") = "R5T.Z0057", "../../R5T.Z0057/source/R5T.Z0057/R5T.Z0057.csproj", "{14FF083F-822C-485B-96B6-36B48BF811A1}"
EndProject
Project("{9A19103F-16F7-4668-BE54-9A1E7A4F7556}") = "R5T.Z0058", "../../R5T.Z0058/source/R5T.Z0058/R5T.Z0058.csproj", "{2B371805-5D81-435A-8AA6-59F27A9D1D5B}"
EndProject
Global
	GlobalSection(NestedProjects) = preSolution
		{8F6E00AD-836C-4D83-BCE9-6BEF654EBF95} = {5078D3EB-66E6-416B-915E-845C7A1E02F6}
		{043A2D09-DE90-4F0F-A16C-28222A80636E} = {5078D3EB-66E6-416B-915E-845C7A1E02F6}
		{E2F26B2C-8614-4155-859E-13FC66D5667B} = {5078D3EB-66E6-416B-915E-845C7A1E02F6}
		{253040A2-A07F-4836-9C4B-6EEB788ABCC9} = {5078D3EB-66E6-416B-915E-845C7A1E02F6}
		{57C4BE06-4339-46A6-8598-4AE7E25DD26A} = {5078D3EB-66E6-416B-915E-845C7A1E02F6}
		{4D9316BC-3B67-4539-804B-40EAD8F9BA2E} = {5078D3EB-66E6-416B-915E-845C7A1E02F6}
		{F225FC3F-FEDD-43DC-9039-203118930EC9} = {5078D3EB-66E6-416B-915E-845C7A1E02F6}
		{3C91F1B0-0B0A-4ADF-96DB-3CA59472CDD7} = {5078D3EB-66E6-416B-915E-845C7A1E02F6}
		{F3010E23-0437-4BEE-9497-16C7D5961CE1} = {5078D3EB-66E6-416B-915E-845C7A1E02F6}
		{03F64A2B-ECF9-42CB-A225-85FAE4CAE174} = {5078D3EB-66E6-416B-915E-845C7A1E02F6}
		{C6D9FC2B-9D26-448B-9DEC-43BF0D22E967} = {5078D3EB-66E6-416B-915E-845C7A1E02F6}
		{C7DD4FEE-A135-4456-8020-EC6AEFADD91B} = {5078D3EB-66E6-416B-915E-845C7A1E02F6}
		{F21F626D-251B-4AF9-A00A-6AE66C754F39} = {5078D3EB-66E6-416B-915E-845C7A1E02F6}
		{4E2A0384-07EB-462B-96DF-693051DA4230} = {5078D3EB-66E6-416B-915E-845C7A1E02F6}
		{1DB32C7A-93EB-47F1-B333-7C96B33F76D3} = {5078D3EB-66E6-416B-915E-845C7A1E02F6}
		{5E7CEDED-7792-41AD-8DB1-9815A1E1CC5E} = {5078D3EB-66E6-416B-915E-845C7A1E02F6}
		{4FCC457D-6FF2-472B-85AF-755335117171} = {5078D3EB-66E6-416B-915E-845C7A1E02F6}
		{4FD760E3-0024-47D8-A0E1-54DD715B943B} = {5078D3EB-66E6-416B-915E-845C7A1E02F6}
		{49EAACB5-435A-4073-AFCF-487EA5720334} = {5078D3EB-66E6-416B-915E-845C7A1E02F6}
		{456C731F-A4AE-433D-8170-165D6AF638A0} = {5078D3EB-66E6-416B-915E-845C7A1E02F6}
		{9B1D292E-56DE-41B9-9AC2-D6F3A7457A0B} = {5078D3EB-66E6-416B-915E-845C7A1E02F6}
		{F26DC1B8-0A69-40BD-847A-C77F3C7DA517} = {5078D3EB-66E6-416B-915E-845C7A1E02F6}
		{4DBA355D-C5A5-4BB1-8A08-A37DE4FCB88F} = {5078D3EB-66E6-416B-915E-845C7A1E02F6}
		{C5227ADD-6691-435C-A368-548643C4CF4F} = {5078D3EB-66E6-416B-915E-845C7A1E02F6}
		{F000DF81-3F3B-43BE-8DC4-0A94B00C76EB} = {5078D3EB-66E6-416B-915E-845C7A1E02F6}
		{2BDE873A-8359-41A5-9FF2-00452CF28054} = {5078D3EB-66E6-416B-915E-845C7A1E02F6}
		{5122BB9B-15B5-4574-ADBE-E1AF3DF8A725} = {5078D3EB-66E6-416B-915E-845C7A1E02F6}
		{8C7EEF56-BF73-4FA1-8963-BA7DCC9BC635} = {5078D3EB-66E6-416B-915E-845C7A1E02F6}
		{4D945211-12B5-4500-B459-71E5E170FD2D} = {5078D3EB-66E6-416B-915E-845C7A1E02F6}
		{B3E9325E-9510-40C5-A100-AD3FD2C16CCD} = {5078D3EB-66E6-416B-915E-845C7A1E02F6}
		{C858CAAF-94EB-4ECC-927F-2FB461D140B8} = {5078D3EB-66E6-416B-915E-845C7A1E02F6}
		{A129BDA9-C59C-40FE-BA3F-3042D5B33297} = {5078D3EB-66E6-416B-915E-845C7A1E02F6}
		{DE589C37-4246-4058-8939-5FE163EB055B} = {5078D3EB-66E6-416B-915E-845C7A1E02F6}
		{CFC9CC0A-585E-4A76-A009-8A9F9D372B82} = {5078D3EB-66E6-416B-915E-845C7A1E02F6}
		{F666FD21-42C3-4A59-886B-2171B4F28787} = {5078D3EB-66E6-416B-915E-845C7A1E02F6}
		{5B5CE297-1CC6-4759-9B8F-82B07DD8BC92} = {5078D3EB-66E6-416B-915E-845C7A1E02F6}
		{BB7146F4-0059-41F3-9E7A-74A85585386B} = {5078D3EB-66E6-416B-915E-845C7A1E02F6}
		{2CB002E7-DF25-4981-B25A-BE8EBE2A56C9} = {5078D3EB-66E6-416B-915E-845C7A1E02F6}
		{3903B93C-5F91-484C-A918-F512074ADFA7} = {5078D3EB-66E6-416B-915E-845C7A1E02F6}
		{54565F6C-FD8B-4EC0-9670-240A97631337} = {5078D3EB-66E6-416B-915E-845C7A1E02F6}
		{5210F42D-8017-4224-ADC3-92B139ECFD74} = {5078D3EB-66E6-416B-915E-845C7A1E02F6}
		{CC66B752-C425-4E1D-8D52-C5D462BB0B11} = {5078D3EB-66E6-416B-915E-845C7A1E02F6}
		{DDCF91E5-5F17-4F3F-8413-26B4580EEE77} = {5078D3EB-66E6-416B-915E-845C7A1E02F6}
		{29479A94-86C7-4052-BDBF-AFE3FEFBE406} = {5078D3EB-66E6-416B-915E-845C7A1E02F6}
		{1A77F09B-162C-4CB7-BFEF-C5BC5FF3D269} = {5078D3EB-66E6-416B-915E-845C7A1E02F6}
		{3F93AB7B-4733-4DAB-9245-6777A07D2728} = {5078D3EB-66E6-416B-915E-845C7A1E02F6}
		{6AADC638-806E-4AC5-8E23-F6F132E878A8} = {5078D3EB-66E6-416B-915E-845C7A1E02F6}
		{E22AE102-3A28-4C93-B9AF-2878EBF4EFDE} = {5078D3EB-66E6-416B-915E-845C7A1E02F6}
		{3AB22190-F88A-44F6-9E76-A22C039A82DE} = {5078D3EB-66E6-416B-915E-845C7A1E02F6}
		{26AAB63D-FAC4-470A-B45A-0C2E7E308B7B} = {5078D3EB-66E6-416B-915E-845C7A1E02F6}
		{DBF928C1-EFCB-4BFD-8E2A-B4EABA6446C2} = {5078D3EB-66E6-416B-915E-845C7A1E02F6}
		{192EA634-389C-4F03-BAB4-CB2D81EBE9CC} = {5078D3EB-66E6-416B-915E-845C7A1E02F6}
		{0BC66C38-6E0E-4257-8ADE-0F1A73E4A4E7} = {5078D3EB-66E6-416B-915E-845C7A1E02F6}
		{2F091393-093A-4207-9C4D-895DBBA0DB07} = {5078D3EB-66E6-416B-915E-845C7A1E02F6}
		{14FF083F-822C-485B-96B6-36B48BF811A1} = {5078D3EB-66E6-416B-915E-845C7A1E02F6}
		{2B371805-5D81-435A-8AA6-59F27A9D1D5B} = {5078D3EB-66E6-416B-915E-845C7A1E02F6}
	EndGlobalSection
	GlobalSection(SolutionConfigurationPlatforms) = preSolution
		Debug|Any CPU = Debug|Any CPU
		Release|Any CPU = Release|Any CPU
	EndGlobalSection
	GlobalSection(ProjectConfigurationPlatforms) = postSolution
		{9FE6C2D3-16AF-4897-BB0B-C364FA4C9253}.Debug|Any CPU.ActiveCfg = Debug|Any CPU
		{9FE6C2D3-16AF-4897-BB0B-C364FA4C9253}.Debug|Any CPU.Build.0 = Debug|Any CPU
		{9FE6C2D3-16AF-4897-BB0B-C364FA4C9253}.Release|Any CPU.ActiveCfg = Release|Any CPU
		{9FE6C2D3-16AF-4897-BB0B-C364FA4C9253}.Release|Any CPU.Build.0 = Release|Any CPU
		{14051178-44DF-4A43-BD65-0C1CEACBADE8}.Debug|Any CPU.ActiveCfg = Debug|Any CPU
		{14051178-44DF-4A43-BD65-0C1CEACBADE8}.Debug|Any CPU.Build.0 = Debug|Any CPU
		{14051178-44DF-4A43-BD65-0C1CEACBADE8}.Release|Any CPU.ActiveCfg = Release|Any CPU
		{14051178-44DF-4A43-BD65-0C1CEACBADE8}.Release|Any CPU.Build.0 = Release|Any CPU
		{45EA74FE-403E-4EC7-9033-5F27B561581D}.Debug|Any CPU.ActiveCfg = Debug|Any CPU
		{45EA74FE-403E-4EC7-9033-5F27B561581D}.Debug|Any CPU.Build.0 = Debug|Any CPU
		{45EA74FE-403E-4EC7-9033-5F27B561581D}.Release|Any CPU.ActiveCfg = Release|Any CPU
		{45EA74FE-403E-4EC7-9033-5F27B561581D}.Release|Any CPU.Build.0 = Release|Any CPU
		{8F6E00AD-836C-4D83-BCE9-6BEF654EBF95}.Debug|Any CPU.ActiveCfg = Debug|Any CPU
		{8F6E00AD-836C-4D83-BCE9-6BEF654EBF95}.Debug|Any CPU.Build.0 = Debug|Any CPU
		{8F6E00AD-836C-4D83-BCE9-6BEF654EBF95}.Release|Any CPU.ActiveCfg = Release|Any CPU
		{8F6E00AD-836C-4D83-BCE9-6BEF654EBF95}.Release|Any CPU.Build.0 = Release|Any CPU
		{043A2D09-DE90-4F0F-A16C-28222A80636E}.Debug|Any CPU.ActiveCfg = Debug|Any CPU
		{043A2D09-DE90-4F0F-A16C-28222A80636E}.Debug|Any CPU.Build.0 = Debug|Any CPU
		{043A2D09-DE90-4F0F-A16C-28222A80636E}.Release|Any CPU.ActiveCfg = Release|Any CPU
		{043A2D09-DE90-4F0F-A16C-28222A80636E}.Release|Any CPU.Build.0 = Release|Any CPU
		{E2F26B2C-8614-4155-859E-13FC66D5667B}.Debug|Any CPU.ActiveCfg = Debug|Any CPU
		{E2F26B2C-8614-4155-859E-13FC66D5667B}.Debug|Any CPU.Build.0 = Debug|Any CPU
		{E2F26B2C-8614-4155-859E-13FC66D5667B}.Release|Any CPU.ActiveCfg = Release|Any CPU
		{E2F26B2C-8614-4155-859E-13FC66D5667B}.Release|Any CPU.Build.0 = Release|Any CPU
		{253040A2-A07F-4836-9C4B-6EEB788ABCC9}.Debug|Any CPU.ActiveCfg = Debug|Any CPU
		{253040A2-A07F-4836-9C4B-6EEB788ABCC9}.Debug|Any CPU.Build.0 = Debug|Any CPU
		{253040A2-A07F-4836-9C4B-6EEB788ABCC9}.Release|Any CPU.ActiveCfg = Release|Any CPU
		{253040A2-A07F-4836-9C4B-6EEB788ABCC9}.Release|Any CPU.Build.0 = Release|Any CPU
		{57C4BE06-4339-46A6-8598-4AE7E25DD26A}.Debug|Any CPU.ActiveCfg = Debug|Any CPU
		{57C4BE06-4339-46A6-8598-4AE7E25DD26A}.Debug|Any CPU.Build.0 = Debug|Any CPU
		{57C4BE06-4339-46A6-8598-4AE7E25DD26A}.Release|Any CPU.ActiveCfg = Release|Any CPU
		{57C4BE06-4339-46A6-8598-4AE7E25DD26A}.Release|Any CPU.Build.0 = Release|Any CPU
		{4D9316BC-3B67-4539-804B-40EAD8F9BA2E}.Debug|Any CPU.ActiveCfg = Debug|Any CPU
		{4D9316BC-3B67-4539-804B-40EAD8F9BA2E}.Debug|Any CPU.Build.0 = Debug|Any CPU
		{4D9316BC-3B67-4539-804B-40EAD8F9BA2E}.Release|Any CPU.ActiveCfg = Release|Any CPU
		{4D9316BC-3B67-4539-804B-40EAD8F9BA2E}.Release|Any CPU.Build.0 = Release|Any CPU
		{F225FC3F-FEDD-43DC-9039-203118930EC9}.Debug|Any CPU.ActiveCfg = Debug|Any CPU
		{F225FC3F-FEDD-43DC-9039-203118930EC9}.Debug|Any CPU.Build.0 = Debug|Any CPU
		{F225FC3F-FEDD-43DC-9039-203118930EC9}.Release|Any CPU.ActiveCfg = Release|Any CPU
		{F225FC3F-FEDD-43DC-9039-203118930EC9}.Release|Any CPU.Build.0 = Release|Any CPU
		{3C91F1B0-0B0A-4ADF-96DB-3CA59472CDD7}.Debug|Any CPU.ActiveCfg = Debug|Any CPU
		{3C91F1B0-0B0A-4ADF-96DB-3CA59472CDD7}.Debug|Any CPU.Build.0 = Debug|Any CPU
		{3C91F1B0-0B0A-4ADF-96DB-3CA59472CDD7}.Release|Any CPU.ActiveCfg = Release|Any CPU
		{3C91F1B0-0B0A-4ADF-96DB-3CA59472CDD7}.Release|Any CPU.Build.0 = Release|Any CPU
		{F3010E23-0437-4BEE-9497-16C7D5961CE1}.Debug|Any CPU.ActiveCfg = Debug|Any CPU
		{F3010E23-0437-4BEE-9497-16C7D5961CE1}.Debug|Any CPU.Build.0 = Debug|Any CPU
		{F3010E23-0437-4BEE-9497-16C7D5961CE1}.Release|Any CPU.ActiveCfg = Release|Any CPU
		{F3010E23-0437-4BEE-9497-16C7D5961CE1}.Release|Any CPU.Build.0 = Release|Any CPU
		{03F64A2B-ECF9-42CB-A225-85FAE4CAE174}.Debug|Any CPU.ActiveCfg = Debug|Any CPU
		{03F64A2B-ECF9-42CB-A225-85FAE4CAE174}.Debug|Any CPU.Build.0 = Debug|Any CPU
		{03F64A2B-ECF9-42CB-A225-85FAE4CAE174}.Release|Any CPU.ActiveCfg = Release|Any CPU
		{03F64A2B-ECF9-42CB-A225-85FAE4CAE174}.Release|Any CPU.Build.0 = Release|Any CPU
		{C6D9FC2B-9D26-448B-9DEC-43BF0D22E967}.Debug|Any CPU.ActiveCfg = Debug|Any CPU
		{C6D9FC2B-9D26-448B-9DEC-43BF0D22E967}.Debug|Any CPU.Build.0 = Debug|Any CPU
		{C6D9FC2B-9D26-448B-9DEC-43BF0D22E967}.Release|Any CPU.ActiveCfg = Release|Any CPU
		{C6D9FC2B-9D26-448B-9DEC-43BF0D22E967}.Release|Any CPU.Build.0 = Release|Any CPU
		{C7DD4FEE-A135-4456-8020-EC6AEFADD91B}.Debug|Any CPU.ActiveCfg = Debug|Any CPU
		{C7DD4FEE-A135-4456-8020-EC6AEFADD91B}.Debug|Any CPU.Build.0 = Debug|Any CPU
		{C7DD4FEE-A135-4456-8020-EC6AEFADD91B}.Release|Any CPU.ActiveCfg = Release|Any CPU
		{C7DD4FEE-A135-4456-8020-EC6AEFADD91B}.Release|Any CPU.Build.0 = Release|Any CPU
		{F21F626D-251B-4AF9-A00A-6AE66C754F39}.Debug|Any CPU.ActiveCfg = Debug|Any CPU
		{F21F626D-251B-4AF9-A00A-6AE66C754F39}.Debug|Any CPU.Build.0 = Debug|Any CPU
		{F21F626D-251B-4AF9-A00A-6AE66C754F39}.Release|Any CPU.ActiveCfg = Release|Any CPU
		{F21F626D-251B-4AF9-A00A-6AE66C754F39}.Release|Any CPU.Build.0 = Release|Any CPU
		{4E2A0384-07EB-462B-96DF-693051DA4230}.Debug|Any CPU.ActiveCfg = Debug|Any CPU
		{4E2A0384-07EB-462B-96DF-693051DA4230}.Debug|Any CPU.Build.0 = Debug|Any CPU
		{4E2A0384-07EB-462B-96DF-693051DA4230}.Release|Any CPU.ActiveCfg = Release|Any CPU
		{4E2A0384-07EB-462B-96DF-693051DA4230}.Release|Any CPU.Build.0 = Release|Any CPU
		{1DB32C7A-93EB-47F1-B333-7C96B33F76D3}.Debug|Any CPU.ActiveCfg = Debug|Any CPU
		{1DB32C7A-93EB-47F1-B333-7C96B33F76D3}.Debug|Any CPU.Build.0 = Debug|Any CPU
		{1DB32C7A-93EB-47F1-B333-7C96B33F76D3}.Release|Any CPU.ActiveCfg = Release|Any CPU
		{1DB32C7A-93EB-47F1-B333-7C96B33F76D3}.Release|Any CPU.Build.0 = Release|Any CPU
		{5E7CEDED-7792-41AD-8DB1-9815A1E1CC5E}.Debug|Any CPU.ActiveCfg = Debug|Any CPU
		{5E7CEDED-7792-41AD-8DB1-9815A1E1CC5E}.Debug|Any CPU.Build.0 = Debug|Any CPU
		{5E7CEDED-7792-41AD-8DB1-9815A1E1CC5E}.Release|Any CPU.ActiveCfg = Release|Any CPU
		{5E7CEDED-7792-41AD-8DB1-9815A1E1CC5E}.Release|Any CPU.Build.0 = Release|Any CPU
		{4FCC457D-6FF2-472B-85AF-755335117171}.Debug|Any CPU.ActiveCfg = Debug|Any CPU
		{4FCC457D-6FF2-472B-85AF-755335117171}.Debug|Any CPU.Build.0 = Debug|Any CPU
		{4FCC457D-6FF2-472B-85AF-755335117171}.Release|Any CPU.ActiveCfg = Release|Any CPU
		{4FCC457D-6FF2-472B-85AF-755335117171}.Release|Any CPU.Build.0 = Release|Any CPU
		{4FD760E3-0024-47D8-A0E1-54DD715B943B}.Debug|Any CPU.ActiveCfg = Debug|Any CPU
		{4FD760E3-0024-47D8-A0E1-54DD715B943B}.Debug|Any CPU.Build.0 = Debug|Any CPU
		{4FD760E3-0024-47D8-A0E1-54DD715B943B}.Release|Any CPU.ActiveCfg = Release|Any CPU
		{4FD760E3-0024-47D8-A0E1-54DD715B943B}.Release|Any CPU.Build.0 = Release|Any CPU
		{49EAACB5-435A-4073-AFCF-487EA5720334}.Debug|Any CPU.ActiveCfg = Debug|Any CPU
		{49EAACB5-435A-4073-AFCF-487EA5720334}.Debug|Any CPU.Build.0 = Debug|Any CPU
		{49EAACB5-435A-4073-AFCF-487EA5720334}.Release|Any CPU.ActiveCfg = Release|Any CPU
		{49EAACB5-435A-4073-AFCF-487EA5720334}.Release|Any CPU.Build.0 = Release|Any CPU
		{456C731F-A4AE-433D-8170-165D6AF638A0}.Debug|Any CPU.ActiveCfg = Debug|Any CPU
		{456C731F-A4AE-433D-8170-165D6AF638A0}.Debug|Any CPU.Build.0 = Debug|Any CPU
		{456C731F-A4AE-433D-8170-165D6AF638A0}.Release|Any CPU.ActiveCfg = Release|Any CPU
		{456C731F-A4AE-433D-8170-165D6AF638A0}.Release|Any CPU.Build.0 = Release|Any CPU
		{9B1D292E-56DE-41B9-9AC2-D6F3A7457A0B}.Debug|Any CPU.ActiveCfg = Debug|Any CPU
		{9B1D292E-56DE-41B9-9AC2-D6F3A7457A0B}.Debug|Any CPU.Build.0 = Debug|Any CPU
		{9B1D292E-56DE-41B9-9AC2-D6F3A7457A0B}.Release|Any CPU.ActiveCfg = Release|Any CPU
		{9B1D292E-56DE-41B9-9AC2-D6F3A7457A0B}.Release|Any CPU.Build.0 = Release|Any CPU
		{F26DC1B8-0A69-40BD-847A-C77F3C7DA517}.Debug|Any CPU.ActiveCfg = Debug|Any CPU
		{F26DC1B8-0A69-40BD-847A-C77F3C7DA517}.Debug|Any CPU.Build.0 = Debug|Any CPU
		{F26DC1B8-0A69-40BD-847A-C77F3C7DA517}.Release|Any CPU.ActiveCfg = Release|Any CPU
		{F26DC1B8-0A69-40BD-847A-C77F3C7DA517}.Release|Any CPU.Build.0 = Release|Any CPU
		{4DBA355D-C5A5-4BB1-8A08-A37DE4FCB88F}.Debug|Any CPU.ActiveCfg = Debug|Any CPU
		{4DBA355D-C5A5-4BB1-8A08-A37DE4FCB88F}.Debug|Any CPU.Build.0 = Debug|Any CPU
		{4DBA355D-C5A5-4BB1-8A08-A37DE4FCB88F}.Release|Any CPU.ActiveCfg = Release|Any CPU
		{4DBA355D-C5A5-4BB1-8A08-A37DE4FCB88F}.Release|Any CPU.Build.0 = Release|Any CPU
		{C5227ADD-6691-435C-A368-548643C4CF4F}.Debug|Any CPU.ActiveCfg = Debug|Any CPU
		{C5227ADD-6691-435C-A368-548643C4CF4F}.Debug|Any CPU.Build.0 = Debug|Any CPU
		{C5227ADD-6691-435C-A368-548643C4CF4F}.Release|Any CPU.ActiveCfg = Release|Any CPU
		{C5227ADD-6691-435C-A368-548643C4CF4F}.Release|Any CPU.Build.0 = Release|Any CPU
		{F000DF81-3F3B-43BE-8DC4-0A94B00C76EB}.Debug|Any CPU.ActiveCfg = Debug|Any CPU
		{F000DF81-3F3B-43BE-8DC4-0A94B00C76EB}.Debug|Any CPU.Build.0 = Debug|Any CPU
		{F000DF81-3F3B-43BE-8DC4-0A94B00C76EB}.Release|Any CPU.ActiveCfg = Release|Any CPU
		{F000DF81-3F3B-43BE-8DC4-0A94B00C76EB}.Release|Any CPU.Build.0 = Release|Any CPU
		{2BDE873A-8359-41A5-9FF2-00452CF28054}.Debug|Any CPU.ActiveCfg = Debug|Any CPU
		{2BDE873A-8359-41A5-9FF2-00452CF28054}.Debug|Any CPU.Build.0 = Debug|Any CPU
		{2BDE873A-8359-41A5-9FF2-00452CF28054}.Release|Any CPU.ActiveCfg = Release|Any CPU
		{2BDE873A-8359-41A5-9FF2-00452CF28054}.Release|Any CPU.Build.0 = Release|Any CPU
		{5122BB9B-15B5-4574-ADBE-E1AF3DF8A725}.Debug|Any CPU.ActiveCfg = Debug|Any CPU
		{5122BB9B-15B5-4574-ADBE-E1AF3DF8A725}.Debug|Any CPU.Build.0 = Debug|Any CPU
		{5122BB9B-15B5-4574-ADBE-E1AF3DF8A725}.Release|Any CPU.ActiveCfg = Release|Any CPU
		{5122BB9B-15B5-4574-ADBE-E1AF3DF8A725}.Release|Any CPU.Build.0 = Release|Any CPU
		{8C7EEF56-BF73-4FA1-8963-BA7DCC9BC635}.Debug|Any CPU.ActiveCfg = Debug|Any CPU
		{8C7EEF56-BF73-4FA1-8963-BA7DCC9BC635}.Debug|Any CPU.Build.0 = Debug|Any CPU
		{8C7EEF56-BF73-4FA1-8963-BA7DCC9BC635}.Release|Any CPU.ActiveCfg = Release|Any CPU
		{8C7EEF56-BF73-4FA1-8963-BA7DCC9BC635}.Release|Any CPU.Build.0 = Release|Any CPU
		{4D945211-12B5-4500-B459-71E5E170FD2D}.Debug|Any CPU.ActiveCfg = Debug|Any CPU
		{4D945211-12B5-4500-B459-71E5E170FD2D}.Debug|Any CPU.Build.0 = Debug|Any CPU
		{4D945211-12B5-4500-B459-71E5E170FD2D}.Release|Any CPU.ActiveCfg = Release|Any CPU
		{4D945211-12B5-4500-B459-71E5E170FD2D}.Release|Any CPU.Build.0 = Release|Any CPU
		{B3E9325E-9510-40C5-A100-AD3FD2C16CCD}.Debug|Any CPU.ActiveCfg = Debug|Any CPU
		{B3E9325E-9510-40C5-A100-AD3FD2C16CCD}.Debug|Any CPU.Build.0 = Debug|Any CPU
		{B3E9325E-9510-40C5-A100-AD3FD2C16CCD}.Release|Any CPU.ActiveCfg = Release|Any CPU
		{B3E9325E-9510-40C5-A100-AD3FD2C16CCD}.Release|Any CPU.Build.0 = Release|Any CPU
		{C858CAAF-94EB-4ECC-927F-2FB461D140B8}.Debug|Any CPU.ActiveCfg = Debug|Any CPU
		{C858CAAF-94EB-4ECC-927F-2FB461D140B8}.Debug|Any CPU.Build.0 = Debug|Any CPU
		{C858CAAF-94EB-4ECC-927F-2FB461D140B8}.Release|Any CPU.ActiveCfg = Release|Any CPU
		{C858CAAF-94EB-4ECC-927F-2FB461D140B8}.Release|Any CPU.Build.0 = Release|Any CPU
		{A129BDA9-C59C-40FE-BA3F-3042D5B33297}.Debug|Any CPU.ActiveCfg = Debug|Any CPU
		{A129BDA9-C59C-40FE-BA3F-3042D5B33297}.Debug|Any CPU.Build.0 = Debug|Any CPU
		{A129BDA9-C59C-40FE-BA3F-3042D5B33297}.Release|Any CPU.ActiveCfg = Release|Any CPU
		{A129BDA9-C59C-40FE-BA3F-3042D5B33297}.Release|Any CPU.Build.0 = Release|Any CPU
		{DE589C37-4246-4058-8939-5FE163EB055B}.Debug|Any CPU.ActiveCfg = Debug|Any CPU
		{DE589C37-4246-4058-8939-5FE163EB055B}.Debug|Any CPU.Build.0 = Debug|Any CPU
		{DE589C37-4246-4058-8939-5FE163EB055B}.Release|Any CPU.ActiveCfg = Release|Any CPU
		{DE589C37-4246-4058-8939-5FE163EB055B}.Release|Any CPU.Build.0 = Release|Any CPU
		{CFC9CC0A-585E-4A76-A009-8A9F9D372B82}.Debug|Any CPU.ActiveCfg = Debug|Any CPU
		{CFC9CC0A-585E-4A76-A009-8A9F9D372B82}.Debug|Any CPU.Build.0 = Debug|Any CPU
		{CFC9CC0A-585E-4A76-A009-8A9F9D372B82}.Release|Any CPU.ActiveCfg = Release|Any CPU
		{CFC9CC0A-585E-4A76-A009-8A9F9D372B82}.Release|Any CPU.Build.0 = Release|Any CPU
		{F666FD21-42C3-4A59-886B-2171B4F28787}.Debug|Any CPU.ActiveCfg = Debug|Any CPU
		{F666FD21-42C3-4A59-886B-2171B4F28787}.Debug|Any CPU.Build.0 = Debug|Any CPU
		{F666FD21-42C3-4A59-886B-2171B4F28787}.Release|Any CPU.ActiveCfg = Release|Any CPU
		{F666FD21-42C3-4A59-886B-2171B4F28787}.Release|Any CPU.Build.0 = Release|Any CPU
		{5B5CE297-1CC6-4759-9B8F-82B07DD8BC92}.Debug|Any CPU.ActiveCfg = Debug|Any CPU
		{5B5CE297-1CC6-4759-9B8F-82B07DD8BC92}.Debug|Any CPU.Build.0 = Debug|Any CPU
		{5B5CE297-1CC6-4759-9B8F-82B07DD8BC92}.Release|Any CPU.ActiveCfg = Release|Any CPU
		{5B5CE297-1CC6-4759-9B8F-82B07DD8BC92}.Release|Any CPU.Build.0 = Release|Any CPU
		{BB7146F4-0059-41F3-9E7A-74A85585386B}.Debug|Any CPU.ActiveCfg = Debug|Any CPU
		{BB7146F4-0059-41F3-9E7A-74A85585386B}.Debug|Any CPU.Build.0 = Debug|Any CPU
		{BB7146F4-0059-41F3-9E7A-74A85585386B}.Release|Any CPU.ActiveCfg = Release|Any CPU
		{BB7146F4-0059-41F3-9E7A-74A85585386B}.Release|Any CPU.Build.0 = Release|Any CPU
		{2CB002E7-DF25-4981-B25A-BE8EBE2A56C9}.Debug|Any CPU.ActiveCfg = Debug|Any CPU
		{2CB002E7-DF25-4981-B25A-BE8EBE2A56C9}.Debug|Any CPU.Build.0 = Debug|Any CPU
		{2CB002E7-DF25-4981-B25A-BE8EBE2A56C9}.Release|Any CPU.ActiveCfg = Release|Any CPU
		{2CB002E7-DF25-4981-B25A-BE8EBE2A56C9}.Release|Any CPU.Build.0 = Release|Any CPU
		{3903B93C-5F91-484C-A918-F512074ADFA7}.Debug|Any CPU.ActiveCfg = Debug|Any CPU
		{3903B93C-5F91-484C-A918-F512074ADFA7}.Debug|Any CPU.Build.0 = Debug|Any CPU
		{3903B93C-5F91-484C-A918-F512074ADFA7}.Release|Any CPU.ActiveCfg = Release|Any CPU
		{3903B93C-5F91-484C-A918-F512074ADFA7}.Release|Any CPU.Build.0 = Release|Any CPU
		{54565F6C-FD8B-4EC0-9670-240A97631337}.Debug|Any CPU.ActiveCfg = Debug|Any CPU
		{54565F6C-FD8B-4EC0-9670-240A97631337}.Debug|Any CPU.Build.0 = Debug|Any CPU
		{54565F6C-FD8B-4EC0-9670-240A97631337}.Release|Any CPU.ActiveCfg = Release|Any CPU
		{54565F6C-FD8B-4EC0-9670-240A97631337}.Release|Any CPU.Build.0 = Release|Any CPU
		{5210F42D-8017-4224-ADC3-92B139ECFD74}.Debug|Any CPU.ActiveCfg = Debug|Any CPU
		{5210F42D-8017-4224-ADC3-92B139ECFD74}.Debug|Any CPU.Build.0 = Debug|Any CPU
		{5210F42D-8017-4224-ADC3-92B139ECFD74}.Release|Any CPU.ActiveCfg = Release|Any CPU
		{5210F42D-8017-4224-ADC3-92B139ECFD74}.Release|Any CPU.Build.0 = Release|Any CPU
		{CC66B752-C425-4E1D-8D52-C5D462BB0B11}.Debug|Any CPU.ActiveCfg = Debug|Any CPU
		{CC66B752-C425-4E1D-8D52-C5D462BB0B11}.Debug|Any CPU.Build.0 = Debug|Any CPU
		{CC66B752-C425-4E1D-8D52-C5D462BB0B11}.Release|Any CPU.ActiveCfg = Release|Any CPU
		{CC66B752-C425-4E1D-8D52-C5D462BB0B11}.Release|Any CPU.Build.0 = Release|Any CPU
		{DDCF91E5-5F17-4F3F-8413-26B4580EEE77}.Debug|Any CPU.ActiveCfg = Debug|Any CPU
		{DDCF91E5-5F17-4F3F-8413-26B4580EEE77}.Debug|Any CPU.Build.0 = Debug|Any CPU
		{DDCF91E5-5F17-4F3F-8413-26B4580EEE77}.Release|Any CPU.ActiveCfg = Release|Any CPU
		{DDCF91E5-5F17-4F3F-8413-26B4580EEE77}.Release|Any CPU.Build.0 = Release|Any CPU
		{29479A94-86C7-4052-BDBF-AFE3FEFBE406}.Debug|Any CPU.ActiveCfg = Debug|Any CPU
		{29479A94-86C7-4052-BDBF-AFE3FEFBE406}.Debug|Any CPU.Build.0 = Debug|Any CPU
		{29479A94-86C7-4052-BDBF-AFE3FEFBE406}.Release|Any CPU.ActiveCfg = Release|Any CPU
		{29479A94-86C7-4052-BDBF-AFE3FEFBE406}.Release|Any CPU.Build.0 = Release|Any CPU
		{1A77F09B-162C-4CB7-BFEF-C5BC5FF3D269}.Debug|Any CPU.ActiveCfg = Debug|Any CPU
		{1A77F09B-162C-4CB7-BFEF-C5BC5FF3D269}.Debug|Any CPU.Build.0 = Debug|Any CPU
		{1A77F09B-162C-4CB7-BFEF-C5BC5FF3D269}.Release|Any CPU.ActiveCfg = Release|Any CPU
		{1A77F09B-162C-4CB7-BFEF-C5BC5FF3D269}.Release|Any CPU.Build.0 = Release|Any CPU
		{3F93AB7B-4733-4DAB-9245-6777A07D2728}.Debug|Any CPU.ActiveCfg = Debug|Any CPU
		{3F93AB7B-4733-4DAB-9245-6777A07D2728}.Debug|Any CPU.Build.0 = Debug|Any CPU
		{3F93AB7B-4733-4DAB-9245-6777A07D2728}.Release|Any CPU.ActiveCfg = Release|Any CPU
		{3F93AB7B-4733-4DAB-9245-6777A07D2728}.Release|Any CPU.Build.0 = Release|Any CPU
		{6AADC638-806E-4AC5-8E23-F6F132E878A8}.Debug|Any CPU.ActiveCfg = Debug|Any CPU
		{6AADC638-806E-4AC5-8E23-F6F132E878A8}.Debug|Any CPU.Build.0 = Debug|Any CPU
		{6AADC638-806E-4AC5-8E23-F6F132E878A8}.Release|Any CPU.ActiveCfg = Release|Any CPU
		{6AADC638-806E-4AC5-8E23-F6F132E878A8}.Release|Any CPU.Build.0 = Release|Any CPU
		{E22AE102-3A28-4C93-B9AF-2878EBF4EFDE}.Debug|Any CPU.ActiveCfg = Debug|Any CPU
		{E22AE102-3A28-4C93-B9AF-2878EBF4EFDE}.Debug|Any CPU.Build.0 = Debug|Any CPU
		{E22AE102-3A28-4C93-B9AF-2878EBF4EFDE}.Release|Any CPU.ActiveCfg = Release|Any CPU
		{E22AE102-3A28-4C93-B9AF-2878EBF4EFDE}.Release|Any CPU.Build.0 = Release|Any CPU
		{3AB22190-F88A-44F6-9E76-A22C039A82DE}.Debug|Any CPU.ActiveCfg = Debug|Any CPU
		{3AB22190-F88A-44F6-9E76-A22C039A82DE}.Debug|Any CPU.Build.0 = Debug|Any CPU
		{3AB22190-F88A-44F6-9E76-A22C039A82DE}.Release|Any CPU.ActiveCfg = Release|Any CPU
		{3AB22190-F88A-44F6-9E76-A22C039A82DE}.Release|Any CPU.Build.0 = Release|Any CPU
		{26AAB63D-FAC4-470A-B45A-0C2E7E308B7B}.Debug|Any CPU.ActiveCfg = Debug|Any CPU
		{26AAB63D-FAC4-470A-B45A-0C2E7E308B7B}.Debug|Any CPU.Build.0 = Debug|Any CPU
		{26AAB63D-FAC4-470A-B45A-0C2E7E308B7B}.Release|Any CPU.ActiveCfg = Release|Any CPU
		{26AAB63D-FAC4-470A-B45A-0C2E7E308B7B}.Release|Any CPU.Build.0 = Release|Any CPU
		{DBF928C1-EFCB-4BFD-8E2A-B4EABA6446C2}.Debug|Any CPU.ActiveCfg = Debug|Any CPU
		{DBF928C1-EFCB-4BFD-8E2A-B4EABA6446C2}.Debug|Any CPU.Build.0 = Debug|Any CPU
		{DBF928C1-EFCB-4BFD-8E2A-B4EABA6446C2}.Release|Any CPU.ActiveCfg = Release|Any CPU
		{DBF928C1-EFCB-4BFD-8E2A-B4EABA6446C2}.Release|Any CPU.Build.0 = Release|Any CPU
		{192EA634-389C-4F03-BAB4-CB2D81EBE9CC}.Debug|Any CPU.ActiveCfg = Debug|Any CPU
		{192EA634-389C-4F03-BAB4-CB2D81EBE9CC}.Debug|Any CPU.Build.0 = Debug|Any CPU
		{192EA634-389C-4F03-BAB4-CB2D81EBE9CC}.Release|Any CPU.ActiveCfg = Release|Any CPU
		{192EA634-389C-4F03-BAB4-CB2D81EBE9CC}.Release|Any CPU.Build.0 = Release|Any CPU
		{0BC66C38-6E0E-4257-8ADE-0F1A73E4A4E7}.Debug|Any CPU.ActiveCfg = Debug|Any CPU
		{0BC66C38-6E0E-4257-8ADE-0F1A73E4A4E7}.Debug|Any CPU.Build.0 = Debug|Any CPU
		{0BC66C38-6E0E-4257-8ADE-0F1A73E4A4E7}.Release|Any CPU.ActiveCfg = Release|Any CPU
		{0BC66C38-6E0E-4257-8ADE-0F1A73E4A4E7}.Release|Any CPU.Build.0 = Release|Any CPU
		{2F091393-093A-4207-9C4D-895DBBA0DB07}.Debug|Any CPU.ActiveCfg = Debug|Any CPU
		{2F091393-093A-4207-9C4D-895DBBA0DB07}.Debug|Any CPU.Build.0 = Debug|Any CPU
		{2F091393-093A-4207-9C4D-895DBBA0DB07}.Release|Any CPU.ActiveCfg = Release|Any CPU
		{2F091393-093A-4207-9C4D-895DBBA0DB07}.Release|Any CPU.Build.0 = Release|Any CPU
		{14FF083F-822C-485B-96B6-36B48BF811A1}.Debug|Any CPU.ActiveCfg = Debug|Any CPU
		{14FF083F-822C-485B-96B6-36B48BF811A1}.Debug|Any CPU.Build.0 = Debug|Any CPU
		{14FF083F-822C-485B-96B6-36B48BF811A1}.Release|Any CPU.ActiveCfg = Release|Any CPU
		{14FF083F-822C-485B-96B6-36B48BF811A1}.Release|Any CPU.Build.0 = Release|Any CPU
		{2B371805-5D81-435A-8AA6-59F27A9D1D5B}.Debug|Any CPU.ActiveCfg = Debug|Any CPU
		{2B371805-5D81-435A-8AA6-59F27A9D1D5B}.Debug|Any CPU.Build.0 = Debug|Any CPU
		{2B371805-5D81-435A-8AA6-59F27A9D1D5B}.Release|Any CPU.ActiveCfg = Release|Any CPU
		{2B371805-5D81-435A-8AA6-59F27A9D1D5B}.Release|Any CPU.Build.0 = Release|Any CPU
	EndGlobalSection
	GlobalSection(SolutionProperties) = preSolution
		HideSolutionNode = FALSE
	EndGlobalSection
	GlobalSection(ExtensibilityGlobals) = postSolution
		SolutionGuid = {7EA3294A-3C49-428E-8D57-3636B15150FF}
	EndGlobalSection
EndGlobal
